[[package]]
name = "antlr_parser"
version = "0.1.0"
dependencies = [
 "serde 1.0.24 (registry+https://github.com/rust-lang/crates.io-index)",
 "serde_json 1.0.8 (registry+https://github.com/rust-lang/crates.io-index)",
 "serde_yaml 0.7.3 (registry+https://github.com/rust-lang/crates.io-index)",
]

[[package]]
name = "dtoa"
version = "0.4.2"
source = "registry+https://github.com/rust-lang/crates.io-index"

[[package]]
name = "itoa"
version = "0.3.4"
source = "registry+https://github.com/rust-lang/crates.io-index"

[[package]]
name = "linked-hash-map"
version = "0.5.0"
source = "registry+https://github.com/rust-lang/crates.io-index"

[[package]]
name = "num-traits"
version = "0.1.41"
source = "registry+https://github.com/rust-lang/crates.io-index"

[[package]]
name = "serde"
version = "1.0.24"
source = "registry+https://github.com/rust-lang/crates.io-index"

[[package]]
name = "serde_json"
version = "1.0.8"
source = "registry+https://github.com/rust-lang/crates.io-index"
dependencies = [
 "dtoa 0.4.2 (registry+https://github.com/rust-lang/crates.io-index)",
 "itoa 0.3.4 (registry+https://github.com/rust-lang/crates.io-index)",
 "num-traits 0.1.41 (registry+https://github.com/rust-lang/crates.io-index)",
 "serde 1.0.24 (registry+https://github.com/rust-lang/crates.io-index)",
]

[[package]]
name = "serde_yaml"
version = "0.7.3"
source = "registry+https://github.com/rust-lang/crates.io-index"
dependencies = [
 "linked-hash-map 0.5.0 (registry+https://github.com/rust-lang/crates.io-index)",
 "num-traits 0.1.41 (registry+https://github.com/rust-lang/crates.io-index)",
 "serde 1.0.24 (registry+https://github.com/rust-lang/crates.io-index)",
 "yaml-rust 0.4.0 (registry+https://github.com/rust-lang/crates.io-index)",
]

[[package]]
name = "yaml-rust"
version = "0.4.0"
source = "registry+https://github.com/rust-lang/crates.io-index"
dependencies = [
 "linked-hash-map 0.5.0 (registry+https://github.com/rust-lang/crates.io-index)",
]

[metadata]
"checksum dtoa 0.4.2 (registry+https://github.com/rust-lang/crates.io-index)" = "09c3753c3db574d215cba4ea76018483895d7bff25a31b49ba45db21c48e50ab"
"checksum itoa 0.3.4 (registry+https://github.com/rust-lang/crates.io-index)" = "8324a32baf01e2ae060e9de58ed0bc2320c9a2833491ee36cd3b4c414de4db8c"
"checksum linked-hash-map 0.5.0 (registry+https://github.com/rust-lang/crates.io-index)" = "2d2aab0478615bb586559b0114d94dd8eca4fdbb73b443adcb0d00b61692b4bf"
"checksum num-traits 0.1.41 (registry+https://github.com/rust-lang/crates.io-index)" = "cacfcab5eb48250ee7d0c7896b51a2c5eec99c1feea5f32025635f5ae4b00070"
"checksum serde 1.0.24 (registry+https://github.com/rust-lang/crates.io-index)" = "1c57ab4ec5fa85d08aaf8ed9245899d9bbdd66768945b21113b84d5f595cb6a1"
"checksum serde_json 1.0.8 (registry+https://github.com/rust-lang/crates.io-index)" = "7cf5b0b5b4bd22eeecb7e01ac2e1225c7ef5e4272b79ee28a8392a8c8489c839"
"checksum serde_yaml 0.7.3 (registry+https://github.com/rust-lang/crates.io-index)" = "e0f868d400d9d13d00988da49f7f02aeac6ef00f11901a8c535bd59d777b9e19"
"checksum yaml-rust 0.4.0 (registry+https://github.com/rust-lang/crates.io-index)" = "57ab38ee1a4a266ed033496cf9af1828d8d6e6c1cfa5f643a2809effcae4d628"
